
Microsoft Visual Studio Solution File, Format Version 12.00
# Visual Studio Version 17
VisualStudioVersion = 17.10.35013.160
MinimumVisualStudioVersion = 10.0.40219.1
Project("{FAE04EC0-301F-11D3-BF4B-00C04F79EFBC}") = "dcit318Project2", "dcit318Project2\dcit318Project2.csproj", "{CBE74B39-6B37-4ACE-B4FB-22C0A4A04C62}"
EndProject
Global
	GlobalSection(SolutionConfigurationPlatforms) = preSolution
		Debug|Any CPU = Debug|Any CPU
		Release|Any CPU = Release|Any CPU
	EndGlobalSection
	GlobalSection(ProjectConfigurationPlatforms) = postSolution
		{CBE74B39-6B37-4ACE-B4FB-22C0A4A04C62}.Debug|Any CPU.ActiveCfg = Debug|Any CPU
		{CBE74B39-6B37-4ACE-B4FB-22C0A4A04C62}.Debug|Any CPU.Build.0 = Debug|Any CPU
		{CBE74B39-6B37-4ACE-B4FB-22C0A4A04C62}.Release|Any CPU.ActiveCfg = Release|Any CPU
		{CBE74B39-6B37-4ACE-B4FB-22C0A4A04C62}.Release|Any CPU.Build.0 = Release|Any CPU
	EndGlobalSection
	GlobalSection(SolutionProperties) = preSolution
		HideSolutionNode = FALSE
	EndGlobalSection
	GlobalSection(ExtensibilityGlobals) = postSolution
		SolutionGuid = {1A3F3DB6-5457-4DC7-931E-C1CAA04CC048}
	EndGlobalSection
EndGlobal
